
Microsoft Visual Studio Solution File, Format Version 12.00
# Visual Studio 14
VisualStudioVersion = 14.0.25123.0
MinimumVisualStudioVersion = 10.0.40219.1
Project("{FAE04EC0-301F-11D3-BF4B-00C04F79EFBC}") = "EggChat", "EggChat\EggChat.csproj", "{1EF42FF7-498D-4EC6-A37B-A1715FB4DC7C}"
EndProject
Project("{FAE04EC0-301F-11D3-BF4B-00C04F79EFBC}") = "Common", "Common\Common.csproj", "{701BCB42-1F4B-432E-8747-AB9BF1DCABBD}"
EndProject
Project("{FAE04EC0-301F-11D3-BF4B-00C04F79EFBC}") = "Test", "Test\Test.csproj", "{18B3A3D2-1E6E-4924-8704-999A425D6730}"
EndProject
Project("{FAE04EC0-301F-11D3-BF4B-00C04F79EFBC}") = "PublicStruct.cs", "PublicStruct.cs\PublicStruct.cs.csproj", "{09BAF844-A70A-4224-A887-610A4482D000}"
EndProject
Global
	GlobalSection(SolutionConfigurationPlatforms) = preSolution
		Debug|Any CPU = Debug|Any CPU
		Release|Any CPU = Release|Any CPU
	EndGlobalSection
	GlobalSection(ProjectConfigurationPlatforms) = postSolution
		{1EF42FF7-498D-4EC6-A37B-A1715FB4DC7C}.Debug|Any CPU.ActiveCfg = Debug|Any CPU
		{1EF42FF7-498D-4EC6-A37B-A1715FB4DC7C}.Debug|Any CPU.Build.0 = Debug|Any CPU
		{1EF42FF7-498D-4EC6-A37B-A1715FB4DC7C}.Debug|Any CPU.Deploy.0 = Debug|Any CPU
		{1EF42FF7-498D-4EC6-A37B-A1715FB4DC7C}.Release|Any CPU.ActiveCfg = Release|Any CPU
		{1EF42FF7-498D-4EC6-A37B-A1715FB4DC7C}.Release|Any CPU.Build.0 = Release|Any CPU
		{1EF42FF7-498D-4EC6-A37B-A1715FB4DC7C}.Release|Any CPU.Deploy.0 = Release|Any CPU
		{701BCB42-1F4B-432E-8747-AB9BF1DCABBD}.Debug|Any CPU.ActiveCfg = Debug|Any CPU
		{701BCB42-1F4B-432E-8747-AB9BF1DCABBD}.Debug|Any CPU.Build.0 = Debug|Any CPU
		{701BCB42-1F4B-432E-8747-AB9BF1DCABBD}.Release|Any CPU.ActiveCfg = Release|Any CPU
		{701BCB42-1F4B-432E-8747-AB9BF1DCABBD}.Release|Any CPU.Build.0 = Release|Any CPU
		{18B3A3D2-1E6E-4924-8704-999A425D6730}.Debug|Any CPU.ActiveCfg = Debug|Any CPU
		{18B3A3D2-1E6E-4924-8704-999A425D6730}.Debug|Any CPU.Build.0 = Debug|Any CPU
		{18B3A3D2-1E6E-4924-8704-999A425D6730}.Release|Any CPU.ActiveCfg = Release|Any CPU
		{18B3A3D2-1E6E-4924-8704-999A425D6730}.Release|Any CPU.Build.0 = Release|Any CPU
		{09BAF844-A70A-4224-A887-610A4482D000}.Debug|Any CPU.ActiveCfg = Debug|Any CPU
		{09BAF844-A70A-4224-A887-610A4482D000}.Debug|Any CPU.Build.0 = Debug|Any CPU
		{09BAF844-A70A-4224-A887-610A4482D000}.Release|Any CPU.ActiveCfg = Release|Any CPU
		{09BAF844-A70A-4224-A887-610A4482D000}.Release|Any CPU.Build.0 = Release|Any CPU
	EndGlobalSection
	GlobalSection(SolutionProperties) = preSolution
		HideSolutionNode = FALSE
	EndGlobalSection
EndGlobal
